github.com/ProjectZKM/Ziren/crates/go-runtime/zkvm_runtime v0.0.0-20260215031811-a0ab0b218a81 h1:TBzelXBdnzDy+HCrBMcomEnhrmigkWOI1/mIPCi2u4M=
github.com/ProjectZKM/Ziren/crates/go-runtime/zkvm_runtime v0.0.0-20260215031811-a0ab0b218a81/go.mod h1:ioLG6R+5bUSO1oeGSDxOV3FADARuMoytZCSX6MEMQkI=
github.com/cloudflare/circl v1.6.3 h1:9GPOhQGF9MCYUeXyMYlqTR6a5gTrgR/fBLXvUgtVcg8=
github.com/cloudflare/circl v1.6.3/go.mod h1:2eXP6Qfat4O/Yhh8BznvKnJ+uzEoTQ6jVKJRn81BiS4=
github.com/davecgh/go-spew v1.1.2-0.20180830191138-d8f796af33cc h1:U9qPSI2PIWSS1VwoXQT9A3Wy9MM3WgvqSxFWenqJduM=
github.com/davecgh/go-spew v1.1.2-0.20180830191138-d8f796af33cc/go.mod h1:J7Y8YcW2NihsgmVo/mv3lAwl/skON4iLHjSsI+c5H38=
github.com/decred/dcrd/crypto/blake256 v1.1.0 h1:zPMNGQCm0g4QTY27fOCorQW7EryeQ/U0x++OzVrdms8=
github.com/decred/dcrd/crypto/blake256 v1.1.0/go.mod h1:2OfgNZ5wDpcsFmHmCK5gZTPcCXqlm2ArzUIkw9czNJo=
github.com/decred/dcrd/dcrec/secp256k1/v4 v4.4.0 h1:NMZiJj8QnKe1LgsbDayM4UoHwbvwDRwnI3hwNaAHRnc=
github.com/decred/dcrd/dcrec/secp256k1/v4 v4.4.0/go.mod h1:ZXNYxsqcloTdSy/rNShjYzMhyjf0LaoftYK0p+A3h40=
github.com/luxfi/cache v1.1.0 h1:6LUyGGZ+rrMAJBbAU6+UwkcamXj3zsboRUodIof2Ong=
github.com/luxfi/cache v1.1.0/go.mod h1:9GvlEEE9rFPaaWxvVpSPwW8ZMo2+8VMNNcuPa4AwzPg=
github.com/luxfi/ids v1.2.9 h1:+yjdhXW99drnd2Zlp1u/p8k3G23W3/1btJQ4ogHawUI=
github.com/luxfi/ids v1.2.9/go.mod h1:khJOEdOPxd22yn0jcVrnbX1ADa0GHn5Y74gvCzN5BYc=
github.com/luxfi/log v1.4.1 h1:rIfFRodb9jrD/w7KayaUk0Oc+37PaQQdKEEMJCjR8gw=
github.com/luxfi/log v1.4.1/go.mod h1:64IE3xRMJcpkQwnPUfJw3pDj7wU0kRS7BZ9wM7R72jk=
github.com/luxfi/mock v0.1.0 h1:IwElfNu+T9sXvzFX6tudPDx1vqPuACRSRdxpD5lxW+o=
github.com/luxfi/mock v0.1.0/go.mod h1:izF+9K0gGzFC9zERn6Po37v46eLdPB+EIsDjL3GLk+U=
github.com/luxfi/utils v1.1.0 h1:ti7HvjNwJd4ILDMERJtOAWE9mF8l+zqDVkgWnF7Agic=
github.com/luxfi/utils v1.1.0/go.mod h1:ABqhBdGNig0CaDcnNYldv1byS0BTNi5IKPbJSPF1p98=
github.com/mattn/go-colorable v0.1.14 h1:9A9LHSqF/7dyVVX6g0U9cwm9pG3kP9gSzcuIPHPsaIE=
github.com/mattn/go-colorable v0.1.14/go.mod h1:6LmQG8QLFO4G5z1gPvYEzlUgJ2wF+stgPZH1UqBm1s8=
github.com/mattn/go-isatty v0.0.20 h1:xfD0iDuEKnDkl03q4limB+vH+GxLEtL/jb4xVJSWWEY=
github.com/mattn/go-isatty v0.0.20/go.mod h1:W+V8PltTTMOvKvAeJH7IuucS94S2C6jfK/D7dTCTo3Y=
github.com/mr-tron/base58 v1.2.0 h1:T/HDJBh4ZCPbU39/+c3rRvE0uKBQlU27+QI8LJ4t64o=
github.com/mr-tron/base58 v1.2.0/go.mod h1:BinMc/sQntlIE1frQmRFPUoPA1Zkr8VRgBdjWI2mNwc=
github.com/pmezard/go-difflib v1.0.1-0.20181226105442-5d4384ee4fb2 h1:Jamvg5psRIccs7FGNTlIRMkT8wgtp5eCXdBlqhYGL6U=
github.com/pmezard/go-difflib v1.0.1-0.20181226105442-5d4384ee4fb2/go.mod h1:iKH77koFhYxTK1pcRnkKkqfTogsbg7gZNVY4sRDYZ/4=
github.com/stretchr/testify v1.11.1 h1:7s2iGBzp5EwR7/aIZr8ao5+dra3wiQyKjjFuvgVKu7U=
github.com/stretchr/testify v1.11.1/go.mod h1:wZwfW3scLgRK+23gO65QZefKpKQRnfz6sD981Nm4B6U=
github.com/supranational/blst v0.3.16 h1:bTDadT+3fK497EvLdWRQEjiGnUtzJ7jjIUMF0jqwYhE=
github.com/supranational/blst v0.3.16/go.mod h1:jZJtfjgudtNl4en1tzwPIV3KjUnQUvG3/j+w+fVonLw=
go.uber.org/mock v0.6.0 h1:hyF9dfmbgIX5EfOdasqLsWD6xqpNZlXblLB/Dbnwv3Y=
go.uber.org/mock v0.6.0/go.mod h1:KiVJ4BqZJaMj4svdfmHM0AUx4NJYO8ZNpPnZn1Z+BBU=
golang.org/x/crypto v0.48.0 h1:/VRzVqiRSggnhY7gNRxPauEQ5Drw9haKdM0jqfcCFts=
golang.org/x/crypto v0.48.0/go.mod h1:r0kV5h3qnFPlQnBSrULhlsRfryS2pmewsg+XfMgkVos=
golang.org/x/sys v0.6.0/go.mod h1:oPkhp1MJrh7nUepCBck5+mAzfO9JrbApNNgaTdGDITg=
golang.org/x/sys v0.41.0 h1:Ivj+2Cp/ylzLiEU89QhWblYnOE9zerudt9Ftecq2C6k=
golang.org/x/sys v0.41.0/go.mod h1:OgkHotnGiDImocRcuBABYBEXf8A9a87e/uXjp9XT3ks=
gopkg.in/natefinch/lumberjack.v2 v2.2.1 h1:bBRl1b0OH9s/DuPhuXpNl+VtCaJXFZ5/uEFST95x9zc=
gopkg.in/natefinch/lumberjack.v2 v2.2.1/go.mod h1:YD8tP3GAjkrDg1eZH7EGmyESg/lsYskCTPBJVb9jqSc=
gopkg.in/yaml.v3 v3.0.1 h1:fxVm/GzAzEWqLHuvctI91KS9hhNmmWOoWu0XTYJS7CA=
gopkg.in/yaml.v3 v3.0.1/go.mod h1:K4uyk7z7BCEPqu6E+C64Yfv1cQ7kz7rIZviUmN+EgEM=
